{
    "requires": true,
    "lockfileVersion": 1,
    "dependencies": {
        "@ckeditor/ckeditor5-alignment": {
            "version": "30.0.0",
            "resolved": "https://registry.npmjs.org/@ckeditor/ckeditor5-alignment/-/ckeditor5-alignment-30.0.0.tgz",
            "integrity": "sha512-q48Rm+FUBs7GdHsSBJk9030yT0i3p8InlY5ja9KlUaEqztSpfYe5OsAxpzshpmIT26MO+BvnDFfzHapdJNWnJw==",
            "requires": {
                "ckeditor5": "^30.0.0"
            }
        },
        "@ckeditor/ckeditor5-clipboard": {
            "version": "30.0.0",
            "resolved": "https://registry.npmjs.org/@ckeditor/ckeditor5-clipboard/-/ckeditor5-clipboard-30.0.0.tgz",
            "integrity": "sha512-Qpr965xZy3bYe8v8+ogEXG7m03KC5wwn5yHn6Jbexue4NhZSCsqqSKJCjIEpNEGh+RQ4gFG0AJcRLee9oMq+VQ==",
            "requires": {
                "@ckeditor/ckeditor5-core": "^30.0.0",
                "@ckeditor/ckeditor5-engine": "^30.0.0",
                "@ckeditor/ckeditor5-utils": "^30.0.0",
                "@ckeditor/ckeditor5-widget": "^30.0.0",
                "lodash-es": "^4.17.11"
            }
        },
        "@ckeditor/ckeditor5-core": {
            "version": "30.0.0",
            "resolved": "https://registry.npmjs.org/@ckeditor/ckeditor5-core/-/ckeditor5-core-30.0.0.tgz",
            "integrity": "sha512-f77Hd5plp9gp4+csTC4I8LVD8W7JmZ7D9kI1cCWryPkKArcTmt+RJl5OIWU2l6rPuv8Pwp1GkjSIExW7jQJnxg==",
            "requires": {
                "@ckeditor/ckeditor5-engine": "^30.0.0",
                "@ckeditor/ckeditor5-ui": "^30.0.0",
                "@ckeditor/ckeditor5-utils": "^30.0.0",
                "lodash-es": "^4.17.15"
            }
        },
        "@ckeditor/ckeditor5-engine": {
            "version": "30.0.0",
            "resolved": "https://registry.npmjs.org/@ckeditor/ckeditor5-engine/-/ckeditor5-engine-30.0.0.tgz",
            "integrity": "sha512-k8Uev+IbNXcO/ihWlDmRL+xiUV4MvJVtZLA8+UdLp8hiuGW9THw0ODYDvmCe88JG7QkiwfPhtLejKu0hMrJD9Q==",
            "requires": {
                "@ckeditor/ckeditor5-utils": "^30.0.0",
                "lodash-es": "^4.17.15"
            }
        },
        "@ckeditor/ckeditor5-enter": {
            "version": "30.0.0",
            "resolved": "https://registry.npmjs.org/@ckeditor/ckeditor5-enter/-/ckeditor5-enter-30.0.0.tgz",
            "integrity": "sha512-JzyAU0oHMHuYuVv4ot5e72uHHCqmTSJrqd/ouUbICW/dXmsbGsu5SKeCFiSsZfT1+xBvSmtiDlwjUOhAWzZ6cQ==",
            "requires": {
                "@ckeditor/ckeditor5-core": "^30.0.0",
                "@ckeditor/ckeditor5-engine": "^30.0.0",
                "@ckeditor/ckeditor5-utils": "^30.0.0"
            }
        },
        "@ckeditor/ckeditor5-paragraph": {
            "version": "30.0.0",
            "resolved": "https://registry.npmjs.org/@ckeditor/ckeditor5-paragraph/-/ckeditor5-paragraph-30.0.0.tgz",
            "integrity": "sha512-DS3qOd+EKX9lfSwMmpAqQN5NLGDKusCJCGw3dnmnWnm671pwoYmNTEHmHDL38KQgJBJQxvXm8+dHPCHAkFKbsw==",
            "requires": {
                "@ckeditor/ckeditor5-core": "^30.0.0",
                "@ckeditor/ckeditor5-ui": "^30.0.0",
                "@ckeditor/ckeditor5-utils": "^30.0.0"
            }
        },
        "@ckeditor/ckeditor5-select-all": {
            "version": "30.0.0",
            "resolved": "https://registry.npmjs.org/@ckeditor/ckeditor5-select-all/-/ckeditor5-select-all-30.0.0.tgz",
            "integrity": "sha512-niJmpgPEBP/jT8HY9BPxInYf58Jyd0kWY7+zQ3kJxdM2zqaF1eNmaI9kjsprrKXVMnU8Jpq9n0fLvM3GUbW35Q==",
            "requires": {
                "@ckeditor/ckeditor5-core": "^30.0.0",
                "@ckeditor/ckeditor5-ui": "^30.0.0",
                "@ckeditor/ckeditor5-utils": "^30.0.0"
            }
        },
        "@ckeditor/ckeditor5-typing": {
            "version": "30.0.0",
            "resolved": "https://registry.npmjs.org/@ckeditor/ckeditor5-typing/-/ckeditor5-typing-30.0.0.tgz",
            "integrity": "sha512-Ay76oQsvkCaPpfOELYHblbQ8cEtDFRbtHdE+7n4GtZhbWjo89HnAkZZZ3JOzn3TPmAje2JRo+KWhAAk+RiAl8w==",
            "requires": {
                "@ckeditor/ckeditor5-core": "^30.0.0",
                "@ckeditor/ckeditor5-engine": "^30.0.0",
                "@ckeditor/ckeditor5-utils": "^30.0.0",
                "lodash-es": "^4.17.15"
            }
        },
        "@ckeditor/ckeditor5-ui": {
            "version": "30.0.0",
            "resolved": "https://registry.npmjs.org/@ckeditor/ckeditor5-ui/-/ckeditor5-ui-30.0.0.tgz",
            "integrity": "sha512-skd4h4XoVtOAlmbQWQwCPyRxkjOdxhtvXKdL1T/5ATCMcd2/Hea5YRkcRvEmtCn1/xdEYBLLFniG0rcAiuybSA==",
            "requires": {
                "@ckeditor/ckeditor5-core": "^30.0.0",
                "@ckeditor/ckeditor5-utils": "^30.0.0",
                "lodash-es": "^4.17.15"
            }
        },
        "@ckeditor/ckeditor5-undo": {
            "version": "30.0.0",
            "resolved": "https://registry.npmjs.org/@ckeditor/ckeditor5-undo/-/ckeditor5-undo-30.0.0.tgz",
            "integrity": "sha512-2VncqNw5L+RnxgpGPgDs3bnvCX55XP2rcbbD8/VoJPwvyhC/qLrtyEbFAO6qm44GTLAKBDhvJrmwTGO7QsrCHQ==",
            "requires": {
                "@ckeditor/ckeditor5-core": "^30.0.0",
                "@ckeditor/ckeditor5-engine": "^30.0.0",
                "@ckeditor/ckeditor5-ui": "^30.0.0"
            }
        },
        "@ckeditor/ckeditor5-upload": {
            "version": "30.0.0",
            "resolved": "https://registry.npmjs.org/@ckeditor/ckeditor5-upload/-/ckeditor5-upload-30.0.0.tgz",
            "integrity": "sha512-2s8ZHOpVMHyiCFGy0gwD9DqSbuXW1UjvETIw3nmAd8O6AYi4jhBRuibHRKuumZTU1lskaOjG8UprQkIQBcGi7Q==",
            "requires": {
                "@ckeditor/ckeditor5-core": "^30.0.0",
                "@ckeditor/ckeditor5-ui": "^30.0.0",
                "@ckeditor/ckeditor5-utils": "^30.0.0"
            }
        },
        "@ckeditor/ckeditor5-utils": {
            "version": "30.0.0",
            "resolved": "https://registry.npmjs.org/@ckeditor/ckeditor5-utils/-/ckeditor5-utils-30.0.0.tgz",
            "integrity": "sha512-pq4lJdkK/XPwD3ZdSWU/ZRklSMjmfAphp7vRiB0g1PBvsDfcZ4qqJgn6BKHyvx/K21+dMM5r6rFkxFBQnEy/Jg==",
            "requires": {
                "lodash-es": "^4.17.15"
            }
        },
        "@ckeditor/ckeditor5-widget": {
            "version": "30.0.0",
            "resolved": "https://registry.npmjs.org/@ckeditor/ckeditor5-widget/-/ckeditor5-widget-30.0.0.tgz",
            "integrity": "sha512-bcY4qay/Ii4yt/c9gDwgzMLpIJc8pUmHPqNWHrh/CvfXP4i8RI3Tj4UpBkN57th4IM6qE4JoUFd8HWSvHJG5NA==",
            "requires": {
                "@ckeditor/ckeditor5-core": "^30.0.0",
                "@ckeditor/ckeditor5-engine": "^30.0.0",
                "@ckeditor/ckeditor5-enter": "^30.0.0",
                "@ckeditor/ckeditor5-typing": "^30.0.0",
                "@ckeditor/ckeditor5-ui": "^30.0.0",
                "@ckeditor/ckeditor5-utils": "^30.0.0",
                "lodash-es": "^4.17.15"
            }
        },
        "ckeditor5": {
            "version": "30.0.0",
            "resolved": "https://registry.npmjs.org/ckeditor5/-/ckeditor5-30.0.0.tgz",
            "integrity": "sha512-4JafDNyXwjMR/IoY8wUZqo/E3xNtYJQet4ghYp9t2ZgVjIK/CY2uuGaT9EbsyZXk0HlHWJSLh/h9x/rw7IL3GA==",
            "requires": {
                "@ckeditor/ckeditor5-clipboard": "^30.0.0",
                "@ckeditor/ckeditor5-core": "^30.0.0",
                "@ckeditor/ckeditor5-engine": "^30.0.0",
                "@ckeditor/ckeditor5-enter": "^30.0.0",
                "@ckeditor/ckeditor5-paragraph": "^30.0.0",
                "@ckeditor/ckeditor5-select-all": "^30.0.0",
                "@ckeditor/ckeditor5-typing": "^30.0.0",
                "@ckeditor/ckeditor5-ui": "^30.0.0",
                "@ckeditor/ckeditor5-undo": "^30.0.0",
                "@ckeditor/ckeditor5-upload": "^30.0.0",
                "@ckeditor/ckeditor5-utils": "^30.0.0",
                "@ckeditor/ckeditor5-widget": "^30.0.0"
            }
        },
        "lodash-es": {
            "version": "4.17.21",
            "resolved": "https://registry.npmjs.org/lodash-es/-/lodash-es-4.17.21.tgz",
            "integrity": "sha512-mKnC+QJ9pWVzv+C4/U3rRsHapFfHvQFoFB92e52xeyGMcX6/OlIl78je1u8vePzYZSkkogMPJ2yjxxsb89cxyw=="
        }
    }
}
